
Microsoft Visual Studio Solution File, Format Version 12.00
# Visual Studio 15
Project("{FAE04EC0-301F-11D3-BF4B-00C04F79EFBC}") = "Assembly-CSharp", "Assembly-CSharp.csproj", "{C126DA59-A1BE-1827-3EC2-45E290AF0E24}"
EndProject
Project("{FAE04EC0-301F-11D3-BF4B-00C04F79EFBC}") = "Assembly-CSharp-firstpass", "Assembly-CSharp-firstpass.csproj", "{5D6DF53B-24D6-AFAD-21FD-D1D31D46C3FD}"
EndProject
Project("{FAE04EC0-301F-11D3-BF4B-00C04F79EFBC}") = "Assembly-CSharp-Editor", "Assembly-CSharp-Editor.csproj", "{68970A08-6718-03D2-CBD3-91E515DE7263}"
EndProject
Project("{FAE04EC0-301F-11D3-BF4B-00C04F79EFBC}") = "Assembly-CSharp-Editor-firstpass", "Assembly-CSharp-Editor-firstpass.csproj", "{19E97778-9F2D-0F29-D0C5-8B388DF18764}"
EndProject
Global
	GlobalSection(SolutionConfigurationPlatforms) = preSolution
		Debug|Any CPU = Debug|Any CPU
		Release|Any CPU = Release|Any CPU
	EndGlobalSection
	GlobalSection(ProjectConfigurationPlatforms) = postSolution
		{C126DA59-A1BE-1827-3EC2-45E290AF0E24}.Debug|Any CPU.ActiveCfg = Debug|Any CPU
		{C126DA59-A1BE-1827-3EC2-45E290AF0E24}.Debug|Any CPU.Build.0 = Debug|Any CPU
		{C126DA59-A1BE-1827-3EC2-45E290AF0E24}.Release|Any CPU.ActiveCfg = Release|Any CPU
		{C126DA59-A1BE-1827-3EC2-45E290AF0E24}.Release|Any CPU.Build.0 = Release|Any CPU
		{5D6DF53B-24D6-AFAD-21FD-D1D31D46C3FD}.Debug|Any CPU.ActiveCfg = Debug|Any CPU
		{5D6DF53B-24D6-AFAD-21FD-D1D31D46C3FD}.Debug|Any CPU.Build.0 = Debug|Any CPU
		{5D6DF53B-24D6-AFAD-21FD-D1D31D46C3FD}.Release|Any CPU.ActiveCfg = Release|Any CPU
		{5D6DF53B-24D6-AFAD-21FD-D1D31D46C3FD}.Release|Any CPU.Build.0 = Release|Any CPU
		{68970A08-6718-03D2-CBD3-91E515DE7263}.Debug|Any CPU.ActiveCfg = Debug|Any CPU
		{68970A08-6718-03D2-CBD3-91E515DE7263}.Debug|Any CPU.Build.0 = Debug|Any CPU
		{68970A08-6718-03D2-CBD3-91E515DE7263}.Release|Any CPU.ActiveCfg = Release|Any CPU
		{68970A08-6718-03D2-CBD3-91E515DE7263}.Release|Any CPU.Build.0 = Release|Any CPU
		{19E97778-9F2D-0F29-D0C5-8B388DF18764}.Debug|Any CPU.ActiveCfg = Debug|Any CPU
		{19E97778-9F2D-0F29-D0C5-8B388DF18764}.Debug|Any CPU.Build.0 = Debug|Any CPU
		{19E97778-9F2D-0F29-D0C5-8B388DF18764}.Release|Any CPU.ActiveCfg = Release|Any CPU
		{19E97778-9F2D-0F29-D0C5-8B388DF18764}.Release|Any CPU.Build.0 = Release|Any CPU
	EndGlobalSection
	GlobalSection(SolutionProperties) = preSolution
		HideSolutionNode = FALSE
	EndGlobalSection
EndGlobal
